lockfileVersion: '9.0'

settings:
  autoInstallPeers: true
  excludeLinksFromLockfile: false

importers:

  .:
    dependencies:
      '@biomejs/js-api':
        specifier: ^0.7.1
        version: 0.7.1(@biomejs/wasm-nodejs@1.9.4)
      '@biomejs/wasm-nodejs':
        specifier: ^1.9.4
        version: 1.9.4
      pluralize:
        specifier: ^8.0.0
        version: 8.0.0
      recast:
        specifier: ^0.23.11
        version: 0.23.11
    devDependencies:
      '@biomejs/biome':
        specifier: ^1.9.4
        version: 1.9.4
      '@types/node':
        specifier: ^22.7.4
        version: 22.7.4
      '@types/pluralize':
        specifier: ^0.0.33
        version: 0.0.33
      lefthook:
        specifier: ^1.11.3
        version: 1.11.3
      tsconfig-paths:
        specifier: ^4.2.0
        version: 4.2.0
      typescript:
        specifier: ^5.8.2
        version: 5.8.2

packages:

  '@biomejs/biome@1.9.4':
    resolution: {integrity: sha512-1rkd7G70+o9KkTn5KLmDYXihGoTaIGO9PIIN2ZB7UJxFrWw04CZHPYiMRjYsaDvVV7hP1dYNRLxSANLaBFGpog==}
    engines: {node: '>=14.21.3'}
    hasBin: true

  '@biomejs/cli-darwin-arm64@1.9.4':
    resolution: {integrity: sha512-bFBsPWrNvkdKrNCYeAp+xo2HecOGPAy9WyNyB/jKnnedgzl4W4Hb9ZMzYNbf8dMCGmUdSavlYHiR01QaYR58cw==}
    engines: {node: '>=14.21.3'}
    cpu: [arm64]
    os: [darwin]

  '@biomejs/cli-darwin-x64@1.9.4':
    resolution: {integrity: sha512-ngYBh/+bEedqkSevPVhLP4QfVPCpb+4BBe2p7Xs32dBgs7rh9nY2AIYUL6BgLw1JVXV8GlpKmb/hNiuIxfPfZg==}
    engines: {node: '>=14.21.3'}
    cpu: [x64]
    os: [darwin]

  '@biomejs/cli-linux-arm64-musl@1.9.4':
    resolution: {integrity: sha512-v665Ct9WCRjGa8+kTr0CzApU0+XXtRgwmzIf1SeKSGAv+2scAlW6JR5PMFo6FzqqZ64Po79cKODKf3/AAmECqA==}
    engines: {node: '>=14.21.3'}
    cpu: [arm64]
    os: [linux]

  '@biomejs/cli-linux-arm64@1.9.4':
    resolution: {integrity: sha512-fJIW0+LYujdjUgJJuwesP4EjIBl/N/TcOX3IvIHJQNsAqvV2CHIogsmA94BPG6jZATS4Hi+xv4SkBBQSt1N4/g==}
    engines: {node: '>=14.21.3'}
    cpu: [arm64]
    os: [linux]

  '@biomejs/cli-linux-x64-musl@1.9.4':
    resolution: {integrity: sha512-gEhi/jSBhZ2m6wjV530Yy8+fNqG8PAinM3oV7CyO+6c3CEh16Eizm21uHVsyVBEB6RIM8JHIl6AGYCv6Q6Q9Tg==}
    engines: {node: '>=14.21.3'}
    cpu: [x64]
    os: [linux]

  '@biomejs/cli-linux-x64@1.9.4':
    resolution: {integrity: sha512-lRCJv/Vi3Vlwmbd6K+oQ0KhLHMAysN8lXoCI7XeHlxaajk06u7G+UsFSO01NAs5iYuWKmVZjmiOzJ0OJmGsMwg==}
    engines: {node: '>=14.21.3'}
    cpu: [x64]
    os: [linux]

  '@biomejs/cli-win32-arm64@1.9.4':
    resolution: {integrity: sha512-tlbhLk+WXZmgwoIKwHIHEBZUwxml7bRJgk0X2sPyNR3S93cdRq6XulAZRQJ17FYGGzWne0fgrXBKpl7l4M87Hg==}
    engines: {node: '>=14.21.3'}
    cpu: [arm64]
    os: [win32]

  '@biomejs/cli-win32-x64@1.9.4':
    resolution: {integrity: sha512-8Y5wMhVIPaWe6jw2H+KlEm4wP/f7EW3810ZLmDlrEEy5KvBsb9ECEfu/kMWD484ijfQ8+nIi0giMgu9g1UAuuA==}
    engines: {node: '>=14.21.3'}
    cpu: [x64]
    os: [win32]

  '@biomejs/js-api@0.7.1':
    resolution: {integrity: sha512-VFdgFFZWcyCQxZcAasyv8Enpexn4CblMdWmr6izLYHTLcbd+z9x/LuKU71qnmClABfnYqZjiY7c8DKTVri3Ajw==}
    peerDependencies:
      '@biomejs/wasm-bundler': ^1.9.2
      '@biomejs/wasm-nodejs': ^1.9.2
      '@biomejs/wasm-web': ^1.9.2
    peerDependenciesMeta:
      '@biomejs/wasm-bundler':
        optional: true
      '@biomejs/wasm-nodejs':
        optional: true
      '@biomejs/wasm-web':
        optional: true

  '@biomejs/wasm-nodejs@1.9.4':
    resolution: {integrity: sha512-ZqNlhKcZW6MW1LxWIOfh9YVrBykvzyFad3bOh6JJFraDnNa3NXboRDiaI8dmrbb0ZHXCU1Tsq6WQsKV2Vpp5dw==}

  '@types/node@22.7.4':
    resolution: {integrity: sha512-y+NPi1rFzDs1NdQHHToqeiX2TIS79SWEAw9GYhkkx8bD0ChpfqC+n2j5OXOCpzfojBEBt6DnEnnG9MY0zk1XLg==}

  '@types/pluralize@0.0.33':
    resolution: {integrity: sha512-JOqsl+ZoCpP4e8TDke9W79FDcSgPAR0l6pixx2JHkhnRjvShyYiAYw2LVsnA7K08Y6DeOnaU6ujmENO4os/cYg==}

  ast-types@0.16.1:
    resolution: {integrity: sha512-6t10qk83GOG8p0vKmaCr8eiilZwO171AvbROMtvvNiwrTly62t+7XkA8RdIIVbpMhCASAsxgAzdRSwh6nw/5Dg==}
    engines: {node: '>=4'}

  esprima@4.0.1:
    resolution: {integrity: sha512-eGuFFw7Upda+g4p+QHvnW0RyTX/SVeJBDM/gCtMARO0cLuT2HcEKnTPvhjV6aGeqrCB/sbNop0Kszm0jsaWU4A==}
    engines: {node: '>=4'}
    hasBin: true

  json5@2.2.3:
    resolution: {integrity: sha512-XmOWe7eyHYH14cLdVPoyg+GOH3rYX++KpzrylJwSW98t3Nk+U8XOl8FWKOgwtzdb8lXGf6zYwDUzeHMWfxasyg==}
    engines: {node: '>=6'}
    hasBin: true

  lefthook-darwin-arm64@1.11.3:
    resolution: {integrity: sha512-IYzAOf8Qwqk7q+LoRyy7kSk9vzpUZ5wb/vLzEAH/F86Vay9AUaWe1f2pzeLwFg18qEc1QNklT69h9p/uLQMojA==}
    cpu: [arm64]
    os: [darwin]

  lefthook-darwin-x64@1.11.3:
    resolution: {integrity: sha512-z/Wp7UMjE1Vyl+x9sjN3NvN6qKdwgHl+cDf98MKKDg/WyPE5XnzqLm9rLLJgImjyClfH7ptTfZxEyhTG3M3XvQ==}
    cpu: [x64]
    os: [darwin]

  lefthook-freebsd-arm64@1.11.3:
    resolution: {integrity: sha512-QevwQ7lrv5wBCkk7LLTzT5KR3Bk/5nttSxT1UH2o0EsgirS/c2K5xSgQmV6m3CiZYuCe2Pja4BSIwN3zt17SMw==}
    cpu: [arm64]
    os: [freebsd]

  lefthook-freebsd-x64@1.11.3:
    resolution: {integrity: sha512-PYbcyNgdJJ4J2pEO9Ss4oYo5yq4vmQGTKm3RTYbRx4viSWR65hvKCP0C4LnIqspMvmR05SJi2bqe7UBP2t60EA==}
    cpu: [x64]
    os: [freebsd]

  lefthook-linux-arm64@1.11.3:
    resolution: {integrity: sha512-0pBMBAoafOAEg345eOPozsmRjWR0zCr6k+m5ZxwRBZbZx1bQFDqBakQ3TpFCphhcykmgFyaa1KeZJZUOrEsezA==}
    cpu: [arm64]
    os: [linux]

  lefthook-linux-x64@1.11.3:
    resolution: {integrity: sha512-eiezheZ/bisBCMB2Ur0mctug/RDFyu39B5wzoE8y4z0W1yw6jHGrWMJ4Y8+5qKZ7fmdZg+7YPuMHZ2eFxOnhQA==}
    cpu: [x64]
    os: [linux]

  lefthook-openbsd-arm64@1.11.3:
    resolution: {integrity: sha512-DRLTzXdtCj/TizpLcGSqXcnrqvgxeXgn/6nqzclIGqNdKCsNXDzpI0D3sP13Vwwmyoqv2etoTak2IHqZiXZDqg==}
    cpu: [arm64]
    os: [openbsd]

  lefthook-openbsd-x64@1.11.3:
    resolution: {integrity: sha512-l7om+ZjWpYrVZyDuElwnucZhEqa7YfwlRaKBenkBxEh2zMje8O6Zodeuma1KmyDbSFvnvEjARo/Ejiot4gLXEw==}
    cpu: [x64]
    os: [openbsd]

  lefthook-windows-arm64@1.11.3:
    resolution: {integrity: sha512-X0iTrql2gfPAkU2dzRwuHWgW5RcqCPbzJtKQ41X6Y/F7iQacRknmuYUGyC81funSvzGAsvlusMVLUvaFjIKnbA==}
    cpu: [arm64]
    os: [win32]

  lefthook-windows-x64@1.11.3:
    resolution: {integrity: sha512-F+ORMn6YJXoS0EXU5LtN1FgV4QX9rC9LucZEkRmK6sKmS7hcb9IHpyb7siRGytArYzJvXVjPbxPBNSBdN4egZQ==}
    cpu: [x64]
    os: [win32]

  lefthook@1.11.3:
    resolution: {integrity: sha512-HJp37y62j3j8qzAOODWuUJl4ysLwsDvCTBV6odr3jIRHR/a5e+tI14VQGIBcpK9ysqC3pGWyW5Rp9Jv1YDubyw==}
    hasBin: true

  minimist@1.2.8:
    resolution: {integrity: sha512-2yyAR8qBkN3YuheJanUpWC5U3bb5osDywNB8RzDVlDwDHbocAJveqqj1u8+SVD7jkWT4yvsHCpWqqWqAxb0zCA==}

  pluralize@8.0.0:
    resolution: {integrity: sha512-Nc3IT5yHzflTfbjgqWcCPpo7DaKy4FnpB0l/zCAW0Tc7jxAiuqSxHasntB3D7887LSrA93kDJ9IXovxJYxyLCA==}
    engines: {node: '>=4'}

  recast@0.23.11:
    resolution: {integrity: sha512-YTUo+Flmw4ZXiWfQKGcwwc11KnoRAYgzAE2E7mXKCjSviTKShtxBsN6YUUBB2gtaBzKzeKunxhUwNHQuRryhWA==}
    engines: {node: '>= 4'}

  source-map@0.6.1:
    resolution: {integrity: sha512-UjgapumWlbMhkBgzT7Ykc5YXUT46F0iKu8SGXq0bcwP5dz/h0Plj6enJqjz1Zbq2l5WaqYnrVbwWOWMyF3F47g==}
    engines: {node: '>=0.10.0'}

  strip-bom@3.0.0:
    resolution: {integrity: sha512-vavAMRXOgBVNF6nyEEmL3DBK19iRpDcoIwW+swQ+CbGiu7lju6t+JklA1MHweoWtadgt4ISVUsXLyDq34ddcwA==}
    engines: {node: '>=4'}

  tiny-invariant@1.3.3:
    resolution: {integrity: sha512-+FbBPE1o9QAYvviau/qC5SE3caw21q3xkvWKBtja5vgqOWIHHJ3ioaq1VPfn/Szqctz2bU/oYeKd9/z5BL+PVg==}

  tsconfig-paths@4.2.0:
    resolution: {integrity: sha512-NoZ4roiN7LnbKn9QqE1amc9DJfzvZXxF4xDavcOWt1BPkdx+m+0gJuPM+S0vCe7zTJMYUP0R8pO2XMr+Y8oLIg==}
    engines: {node: '>=6'}

  tslib@2.8.0:
    resolution: {integrity: sha512-jWVzBLplnCmoaTr13V9dYbiQ99wvZRd0vNWaDRg+aVYRcjDF3nDksxFDE/+fkXnKhpnUUkmx5pK/v8mCtLVqZA==}

  typescript@5.8.2:
    resolution: {integrity: sha512-aJn6wq13/afZp/jT9QZmwEjDqqvSGp1VT5GVg+f/t6/oVyrgXM6BY1h9BRh/O5p3PlUPAe+WuiEZOmb/49RqoQ==}
    engines: {node: '>=14.17'}
    hasBin: true

  undici-types@6.19.8:
    resolution: {integrity: sha512-ve2KP6f/JnbPBFyobGHuerC9g1FYGn/F8n1LWTwNxCEzd6IfqTwUQcNXgEtmmQ6DlRrC1hrSrBnCZPokRrDHjw==}

snapshots:

  '@biomejs/biome@1.9.4':
    optionalDependencies:
      '@biomejs/cli-darwin-arm64': 1.9.4
      '@biomejs/cli-darwin-x64': 1.9.4
      '@biomejs/cli-linux-arm64': 1.9.4
      '@biomejs/cli-linux-arm64-musl': 1.9.4
      '@biomejs/cli-linux-x64': 1.9.4
      '@biomejs/cli-linux-x64-musl': 1.9.4
      '@biomejs/cli-win32-arm64': 1.9.4
      '@biomejs/cli-win32-x64': 1.9.4

  '@biomejs/cli-darwin-arm64@1.9.4':
    optional: true

  '@biomejs/cli-darwin-x64@1.9.4':
    optional: true

  '@biomejs/cli-linux-arm64-musl@1.9.4':
    optional: true

  '@biomejs/cli-linux-arm64@1.9.4':
    optional: true

  '@biomejs/cli-linux-x64-musl@1.9.4':
    optional: true

  '@biomejs/cli-linux-x64@1.9.4':
    optional: true

  '@biomejs/cli-win32-arm64@1.9.4':
    optional: true

  '@biomejs/cli-win32-x64@1.9.4':
    optional: true

  '@biomejs/js-api@0.7.1(@biomejs/wasm-nodejs@1.9.4)':
    optionalDependencies:
      '@biomejs/wasm-nodejs': 1.9.4

  '@biomejs/wasm-nodejs@1.9.4': {}

  '@types/node@22.7.4':
    dependencies:
      undici-types: 6.19.8

  '@types/pluralize@0.0.33': {}

  ast-types@0.16.1:
    dependencies:
      tslib: 2.8.0

  esprima@4.0.1: {}

  json5@2.2.3: {}

  lefthook-darwin-arm64@1.11.3:
    optional: true

  lefthook-darwin-x64@1.11.3:
    optional: true

  lefthook-freebsd-arm64@1.11.3:
    optional: true

  lefthook-freebsd-x64@1.11.3:
    optional: true

  lefthook-linux-arm64@1.11.3:
    optional: true

  lefthook-linux-x64@1.11.3:
    optional: true

  lefthook-openbsd-arm64@1.11.3:
    optional: true

  lefthook-openbsd-x64@1.11.3:
    optional: true

  lefthook-windows-arm64@1.11.3:
    optional: true

  lefthook-windows-x64@1.11.3:
    optional: true

  lefthook@1.11.3:
    optionalDependencies:
      lefthook-darwin-arm64: 1.11.3
      lefthook-darwin-x64: 1.11.3
      lefthook-freebsd-arm64: 1.11.3
      lefthook-freebsd-x64: 1.11.3
      lefthook-linux-arm64: 1.11.3
      lefthook-linux-x64: 1.11.3
      lefthook-openbsd-arm64: 1.11.3
      lefthook-openbsd-x64: 1.11.3
      lefthook-windows-arm64: 1.11.3
      lefthook-windows-x64: 1.11.3

  minimist@1.2.8: {}

  pluralize@8.0.0: {}

  recast@0.23.11:
    dependencies:
      ast-types: 0.16.1
      esprima: 4.0.1
      source-map: 0.6.1
      tiny-invariant: 1.3.3
      tslib: 2.8.0

  source-map@0.6.1: {}

  strip-bom@3.0.0: {}

  tiny-invariant@1.3.3: {}

  tsconfig-paths@4.2.0:
    dependencies:
      json5: 2.2.3
      minimist: 1.2.8
      strip-bom: 3.0.0

  tslib@2.8.0: {}

  typescript@5.8.2: {}

  undici-types@6.19.8: {}
